
Microsoft Visual Studio Solution File, Format Version 12.00
# Visual Studio 15
VisualStudioVersion = 15.0.28010.2016
MinimumVisualStudioVersion = 10.0.40219.1
Project("{8BC9CEB8-8B4A-11D0-8D11-00A0C91BC942}") = "WordCount", "WordCount\WordCount.vcxproj", "{5D344725-3F0A-4750-90EE-5CCD2E93DAF9}"
EndProject
Global
	GlobalSection(SolutionConfigurationPlatforms) = preSolution
		Debug|x64 = Debug|x64
		Debug|x86 = Debug|x86
		Release|x64 = Release|x64
		Release|x86 = Release|x86
	EndGlobalSection
	GlobalSection(ProjectConfigurationPlatforms) = postSolution
		{5D344725-3F0A-4750-90EE-5CCD2E93DAF9}.Debug|x64.ActiveCfg = Debug|x64
		{5D344725-3F0A-4750-90EE-5CCD2E93DAF9}.Debug|x64.Build.0 = Debug|x64
		{5D344725-3F0A-4750-90EE-5CCD2E93DAF9}.Debug|x86.ActiveCfg = Debug|Win32
		{5D344725-3F0A-4750-90EE-5CCD2E93DAF9}.Debug|x86.Build.0 = Debug|Win32
		{5D344725-3F0A-4750-90EE-5CCD2E93DAF9}.Release|x64.ActiveCfg = Release|x64
		{5D344725-3F0A-4750-90EE-5CCD2E93DAF9}.Release|x64.Build.0 = Release|x64
		{5D344725-3F0A-4750-90EE-5CCD2E93DAF9}.Release|x86.ActiveCfg = Release|Win32
		{5D344725-3F0A-4750-90EE-5CCD2E93DAF9}.Release|x86.Build.0 = Release|Win32
	EndGlobalSection
	GlobalSection(SolutionProperties) = preSolution
		HideSolutionNode = FALSE
	EndGlobalSection
	GlobalSection(ExtensibilityGlobals) = postSolution
		SolutionGuid = {66F0C665-110A-433D-A626-5ED5A0D10909}
	EndGlobalSection
EndGlobal
